
Microsoft Visual Studio Solution File, Format Version 12.00
# Visual Studio 15
VisualStudioVersion = 15.0.28307.102
MinimumVisualStudioVersion = 10.0.40219.1
Project("{FAE04EC0-301F-11D3-BF4B-00C04F79EFBC}") = "Tree Based Query", "Tree Based Query.csproj", "{466BB64A-42B2-49CF-A1C5-694972109C96}"
EndProject
Global
	GlobalSection(SolutionConfigurationPlatforms) = preSolution
		Debug|Any CPU = Debug|Any CPU
		Release|Any CPU = Release|Any CPU
	EndGlobalSection
	GlobalSection(ProjectConfigurationPlatforms) = postSolution
		{466BB64A-42B2-49CF-A1C5-694972109C96}.Debug|Any CPU.ActiveCfg = Debug|Any CPU
		{466BB64A-42B2-49CF-A1C5-694972109C96}.Debug|Any CPU.Build.0 = Debug|Any CPU
		{466BB64A-42B2-49CF-A1C5-694972109C96}.Release|Any CPU.ActiveCfg = Release|Any CPU
		{466BB64A-42B2-49CF-A1C5-694972109C96}.Release|Any CPU.Build.0 = Release|Any CPU
	EndGlobalSection
	GlobalSection(SolutionProperties) = preSolution
		HideSolutionNode = FALSE
	EndGlobalSection
	GlobalSection(ExtensibilityGlobals) = postSolution
		SolutionGuid = {E00CF64F-F5A3-4795-9719-CDADA27A6C54}
	EndGlobalSection
EndGlobal
